
Microsoft Visual Studio Solution File, Format Version 12.00
# Visual Studio Version 17
VisualStudioVersion = 17.7.34031.279
MinimumVisualStudioVersion = 10.0.40219.1
Project("{9A19103F-16F7-4668-BE54-9A1E7A4F7556}") = "RealEstateBackend", "RealEstateBackend\RealEstateBackend.csproj", "{7211FA33-DF11-4B2C-A22A-DEF6DB37DF92}"
EndProject
Project("{2150E333-8FDC-42A3-9474-1A3956D46DE8}") = "Solution Items", "Solution Items", "{A420909D-9FB3-4BAA-ABFE-4673A14FDC12}"
	ProjectSection(SolutionItems) = preProject
		.gitignore = .gitignore
		docker-compose.yml = docker-compose.yml
	EndProjectSection
EndProject
Global
	GlobalSection(SolutionConfigurationPlatforms) = preSolution
		Debug|Any CPU = Debug|Any CPU
		Release|Any CPU = Release|Any CPU
	EndGlobalSection
	GlobalSection(ProjectConfigurationPlatforms) = postSolution
		{7211FA33-DF11-4B2C-A22A-DEF6DB37DF92}.Debug|Any CPU.ActiveCfg = Debug|Any CPU
		{7211FA33-DF11-4B2C-A22A-DEF6DB37DF92}.Debug|Any CPU.Build.0 = Debug|Any CPU
		{7211FA33-DF11-4B2C-A22A-DEF6DB37DF92}.Release|Any CPU.ActiveCfg = Release|Any CPU
		{7211FA33-DF11-4B2C-A22A-DEF6DB37DF92}.Release|Any CPU.Build.0 = Release|Any CPU
	EndGlobalSection
	GlobalSection(SolutionProperties) = preSolution
		HideSolutionNode = FALSE
	EndGlobalSection
	GlobalSection(ExtensibilityGlobals) = postSolution
		SolutionGuid = {9BD58CF2-51E2-4954-8E34-80619B423057}
	EndGlobalSection
EndGlobal
